
Microsoft Visual Studio Solution File, Format Version 12.00
# Visual Studio 15
VisualStudioVersion = 15.0.28307.852
MinimumVisualStudioVersion = 10.0.40219.1
Project("{FAE04EC0-301F-11D3-BF4B-00C04F79EFBC}") = "Gradient", "Gradient\Gradient.csproj", "{27DBE3F4-020D-423E-8F09-2AE3D957DA6D}"
EndProject
Global
	GlobalSection(SolutionConfigurationPlatforms) = preSolution
		Debug|Any CPU = Debug|Any CPU
		Release|Any CPU = Release|Any CPU
	EndGlobalSection
	GlobalSection(ProjectConfigurationPlatforms) = postSolution
		{27DBE3F4-020D-423E-8F09-2AE3D957DA6D}.Debug|Any CPU.ActiveCfg = Debug|Any CPU
		{27DBE3F4-020D-423E-8F09-2AE3D957DA6D}.Debug|Any CPU.Build.0 = Debug|Any CPU
		{27DBE3F4-020D-423E-8F09-2AE3D957DA6D}.Release|Any CPU.ActiveCfg = Release|Any CPU
		{27DBE3F4-020D-423E-8F09-2AE3D957DA6D}.Release|Any CPU.Build.0 = Release|Any CPU
	EndGlobalSection
	GlobalSection(SolutionProperties) = preSolution
		HideSolutionNode = FALSE
	EndGlobalSection
	GlobalSection(ExtensibilityGlobals) = postSolution
		SolutionGuid = {059F203A-7804-4595-88B8-7F2DF7E1AA12}
	EndGlobalSection
EndGlobal
